
Microsoft Visual Studio Solution File, Format Version 12.00
# Visual Studio 14
VisualStudioVersion = 14.0.25420.1
MinimumVisualStudioVersion = 10.0.40219.1
Project("{FAE04EC0-301F-11D3-BF4B-00C04F79EFBC}") = "S3C_CSharp", "S3C_CSharp\S3C_CSharp.csproj", "{12EF9D2C-B544-4C76-8A57-481D3CEF1906}"
EndProject
Project("{FAE04EC0-301F-11D3-BF4B-00C04F79EFBC}") = "S3C_CSharp.Models", "S3C_CSharp.Models\S3C_CSharp.Models.csproj", "{3BB6CFAA-33AB-4445-A5E2-CDF80BC6DEF0}"
EndProject
Project("{FAE04EC0-301F-11D3-BF4B-00C04F79EFBC}") = "S3C_CSharp.Utilities", "S3C_CSharp.Utilities\S3C_CSharp.Utilities.csproj", "{D27598F2-A083-4CB7-B1C3-79AF4C5CDBCD}"
EndProject
Global
	GlobalSection(SolutionConfigurationPlatforms) = preSolution
		Debug|Any CPU = Debug|Any CPU
		Release|Any CPU = Release|Any CPU
	EndGlobalSection
	GlobalSection(ProjectConfigurationPlatforms) = postSolution
		{12EF9D2C-B544-4C76-8A57-481D3CEF1906}.Debug|Any CPU.ActiveCfg = Debug|Any CPU
		{12EF9D2C-B544-4C76-8A57-481D3CEF1906}.Debug|Any CPU.Build.0 = Debug|Any CPU
		{12EF9D2C-B544-4C76-8A57-481D3CEF1906}.Release|Any CPU.ActiveCfg = Release|Any CPU
		{12EF9D2C-B544-4C76-8A57-481D3CEF1906}.Release|Any CPU.Build.0 = Release|Any CPU
		{3BB6CFAA-33AB-4445-A5E2-CDF80BC6DEF0}.Debug|Any CPU.ActiveCfg = Debug|Any CPU
		{3BB6CFAA-33AB-4445-A5E2-CDF80BC6DEF0}.Debug|Any CPU.Build.0 = Debug|Any CPU
		{3BB6CFAA-33AB-4445-A5E2-CDF80BC6DEF0}.Release|Any CPU.ActiveCfg = Release|Any CPU
		{3BB6CFAA-33AB-4445-A5E2-CDF80BC6DEF0}.Release|Any CPU.Build.0 = Release|Any CPU
		{D27598F2-A083-4CB7-B1C3-79AF4C5CDBCD}.Debug|Any CPU.ActiveCfg = Debug|Any CPU
		{D27598F2-A083-4CB7-B1C3-79AF4C5CDBCD}.Debug|Any CPU.Build.0 = Debug|Any CPU
		{D27598F2-A083-4CB7-B1C3-79AF4C5CDBCD}.Release|Any CPU.ActiveCfg = Release|Any CPU
		{D27598F2-A083-4CB7-B1C3-79AF4C5CDBCD}.Release|Any CPU.Build.0 = Release|Any CPU
	EndGlobalSection
	GlobalSection(SolutionProperties) = preSolution
		HideSolutionNode = FALSE
	EndGlobalSection
EndGlobal
